Microsoft Visual Studio Solution File, Format Version 11.00
# Visual Studio 2008

Project("{770551F5-7F22-D469-FD4E-400286662284}") = "3d Kart Game", "Assembly-CSharp-firstpass.csproj", "{04064773-EFC3-3C50-C844-471D945D22DD}"
EndProject
Project("{770551F5-7F22-D469-FD4E-400286662284}") = "3d Kart Game", "Assembly-CSharp.csproj", "{22A176DE-F0F1-F66F-88E2-138D640E9A83}"
EndProject
Project("{770551F5-7F22-D469-FD4E-400286662284}") = "3d Kart Game", "Assembly-CSharp-Editor.csproj", "{FFA29C3E-2DA6-A246-016F-9A2CF4A70E85}"
EndProject
Global
	GlobalSection(SolutionConfigurationPlatforms) = preSolution
		Debug|Any CPU = Debug|Any CPU
		Release|Any CPU = Release|Any CPU
	EndGlobalSection
	GlobalSection(ProjectConfigurationPlatforms) = postSolution
		{04064773-EFC3-3C50-C844-471D945D22DD}.Debug|Any CPU.ActiveCfg = Debug|Any CPU
		{04064773-EFC3-3C50-C844-471D945D22DD}.Debug|Any CPU.Build.0 = Debug|Any CPU
		{04064773-EFC3-3C50-C844-471D945D22DD}.Release|Any CPU.ActiveCfg = Release|Any CPU
		{04064773-EFC3-3C50-C844-471D945D22DD}.Release|Any CPU.Build.0 = Release|Any CPU
		{22A176DE-F0F1-F66F-88E2-138D640E9A83}.Debug|Any CPU.ActiveCfg = Debug|Any CPU
		{22A176DE-F0F1-F66F-88E2-138D640E9A83}.Debug|Any CPU.Build.0 = Debug|Any CPU
		{22A176DE-F0F1-F66F-88E2-138D640E9A83}.Release|Any CPU.ActiveCfg = Release|Any CPU
		{22A176DE-F0F1-F66F-88E2-138D640E9A83}.Release|Any CPU.Build.0 = Release|Any CPU
		{FFA29C3E-2DA6-A246-016F-9A2CF4A70E85}.Debug|Any CPU.ActiveCfg = Debug|Any CPU
		{FFA29C3E-2DA6-A246-016F-9A2CF4A70E85}.Debug|Any CPU.Build.0 = Debug|Any CPU
		{FFA29C3E-2DA6-A246-016F-9A2CF4A70E85}.Release|Any CPU.ActiveCfg = Release|Any CPU
		{FFA29C3E-2DA6-A246-016F-9A2CF4A70E85}.Release|Any CPU.Build.0 = Release|Any CPU
	EndGlobalSection
	GlobalSection(SolutionProperties) = preSolution
		HideSolutionNode = FALSE
	EndGlobalSection
	GlobalSection(MonoDevelopProperties) = preSolution
		StartupItem = Assembly-CSharp.csproj
	EndGlobalSection
EndGlobal
